// !$*UTF8*$!
{
	archiveVersion = 1;
	classes = {
	};
	objectVersion = 50;
	objects = {

/* Begin PBXBuildFile section */
		CB922E0521185F820089C99F /* AppDelegate.swift in Sources */ = {isa = PBXBuildFile; fileRef = CB922E0421185F820089C99F /* AppDelegate.swift */; };
		CB922E0A21185F820089C99F /* Main.storyboard in Resources */ = {isa = PBXBuildFile; fileRef = CB922E0821185F820089C99F /* Main.storyboard */; };
		CB922E0C21185F830089C99F /* Assets.xcassets in Resources */ = {isa = PBXBuildFile; fileRef = CB922E0B21185F830089C99F /* Assets.xcassets */; };
		CB922E0F21185F830089C99F /* LaunchScreen.storyboard in Resources */ = {isa = PBXBuildFile; fileRef = CB922E0D21185F830089C99F /* LaunchScreen.storyboard */; };
/* End PBXBuildFile section */

/* Begin PBXFileReference section */
		CB922E0121185F820089C99F /* douyuzhibo.app */ = {isa = PBXFileReference; explicitFileType = wrapper.application; includeInIndex = 0; path = douyuzhibo.app; sourceTree = BUILT_PRODUCTS_DIR; };
		CB922E0421185F820089C99F /* AppDelegate.swift */ = {isa = PBXFileReference; lastKnownFileType = sourcecode.swift; path = AppDelegate.swift; sourceTree = "<group>"; };
		CB922E0921185F820089C99F /* Base */ = {isa = PBXFileReference; lastKnownFileType = file.storyboard; name = Base; path = Base.lproj/Main.storyboard; sourceTree = "<group>"; };
		CB922E0B21185F830089C99F /* Assets.xcassets */ = {isa = PBXFileReference; lastKnownFileType = folder.assetcatalog; path = Assets.xcassets; sourceTree = "<group>"; };
		CB922E0E21185F830089C99F /* Base */ = {isa = PBXFileReference; lastKnownFileType = file.storyboard; name = Base; path = Base.lproj/LaunchScreen.storyboard; sourceTree = "<group>"; };
		CB922E1021185F830089C99F /* Info.plist */ = {isa = PBXFileReference; lastKnownFileType = text.plist.xml; path = Info.plist; sourceTree = "<group>"; };
/* End PBXFileReference section */

/* Begin PBXFrameworksBuildPhase section */
		CB922DFE21185F820089C99F /* Frameworks */ = {
			isa = PBXFrameworksBuildPhase;
			buildActionMask = 2147483647;
			files = (
			);
			runOnlyForDeploymentPostprocessing = 0;
		};
/* End PBXFrameworksBuildPhase section */

/* Begin PBXGroup section */
		CB922DF821185F820089C99F = {
			isa = PBXGroup;
			children = (
				CB922E0321185F820089C99F /* douyuzhibo */,
				CB922E0221185F820089C99F /* Products */,
			);
			sourceTree = "<group>";
		};
		CB922E0221185F820089C99F /* Products */ = {
			isa = PBXGroup;
			children = (
				CB922E0121185F820089C99F /* douyuzhibo.app */,
			);
			name = Products;
			sourceTree = "<group>";
		};
		CB922E0321185F820089C99F /* douyuzhibo */ = {
			isa = PBXGroup;
			children = (
				CB922E16211866D60089C99F /* classes */,
				CB922E0421185F820089C99F /* AppDelegate.swift */,
				CB922E0821185F820089C99F /* Main.storyboard */,
				CB922E0B21185F830089C99F /* Assets.xcassets */,
				CB922E0D21185F830089C99F /* LaunchScreen.storyboard */,
				CB922E1021185F830089C99F /* Info.plist */,
			);
			path = douyuzhibo;
			sourceTree = "<group>";
		};
		CB922E16211866D60089C99F /* classes */ = {
			isa = PBXGroup;
			children = (
				CB922E18211866D60089C99F /* tools */,
				CB922E19211866D60089C99F /* follow */,
				CB922E17211866D60089C99F /* home */,
				CB922E1A211866D60089C99F /* profile */,
				CB922E1B211866D60089C99F /* live */,
				CB922E1C211866D60089C99F /* main */,
			);
			path = classes;
			sourceTree = "<group>";
		};
		CB922E17211866D60089C99F /* home */ = {
			isa = PBXGroup;
			children = (
			);
			path = home;
			sourceTree = "<group>";
		};
		CB922E18211866D60089C99F /* tools */ = {
			isa = PBXGroup;
			children = (
			);
			path = tools;
			sourceTree = "<group>";
		};
		CB922E19211866D60089C99F /* follow */ = {
			isa = PBXGroup;
			children = (
			);
			path = follow;
			sourceTree = "<group>";
		};
		CB922E1A211866D60089C99F /* profile */ = {
			isa = PBXGroup;
			children = (
			);
			path = profile;
			sourceTree = "<group>";
		};
		CB922E1B211866D60089C99F /* live */ = {
			isa = PBXGroup;
			children = (
			);
			path = live;
			sourceTree = "<group>";
		};
		CB922E1C211866D60089C99F /* main */ = {
			isa = PBXGroup;
			children = (
			);
			path = main;
			sourceTree = "<group>";
		};
/* End PBXGroup section */

/* Begin PBXNativeTarget section */
		CB922E0021185F820089C99F /* douyuzhibo */ = {
			isa = PBXNativeTarget;
			buildConfigurationList = CB922E1321185F830089C99F /* Build configuration list for PBXNativeTarget "douyuzhibo" */;
			buildPhases = (
				CB922DFD21185F820089C99F /* Sources */,
				CB922DFE21185F820089C99F /* Frameworks */,
				CB922DFF21185F820089C99F /* Resources */,
			);
			buildRules = (
			);
			dependencies = (
			);
			name = douyuzhibo;
			productName = douyuzhibo;
			productReference = CB922E0121185F820089C99F /* douyuzhibo.app */;
			productType = "com.apple.product-type.application";
		};
/* End PBXNativeTarget section */

/* Begin PBXProject section */
		CB922DF921185F820089C99F /* Project object */ = {
			isa = PBXProject;
			attributes = {
				LastSwiftUpdateCheck = 0930;
				LastUpgradeCheck = 0930;
				ORGANIZATIONNAME = "周経偉";
				TargetAttributes = {
					CB922E0021185F820089C99F = {
						CreatedOnToolsVersion = 9.3;
					};
				};
			};
			buildConfigurationList = CB922DFC21185F820089C99F /* Build configuration list for PBXProject "douyuzhibo" */;
			compatibilityVersion = "Xcode 9.3";
			developmentRegion = en;
			hasScannedForEncodings = 0;
			knownRegions = (
				en,
				Base,
			);
			mainGroup = CB922DF821185F820089C99F;
			productRefGroup = CB922E0221185F820089C99F /* Products */;
			projectDirPath = "";
			projectRoot = "";
			targets = (
				CB922E0021185F820089C99F /* douyuzhibo */,
			);
		};
/* End PBXProject section */

/* Begin PBXResourcesBuildPhase section */
		CB922DFF21185F820089C99F /* Resources */ = {
			isa = PBXResourcesBuildPhase;
			buildActionMask = 2147483647;
			files = (
				CB922E0F21185F830089C99F /* LaunchScreen.storyboard in Resources */,
				CB922E0C21185F830089C99F /* Assets.xcassets in Resources */,
				CB922E0A21185F820089C99F /* Main.storyboard in Resources */,
			);
			runOnlyForDeploymentPostprocessing = 0;
		};
/* End PBXResourcesBuildPhase section */

/* Begin PBXSourcesBuildPhase section */
		CB922DFD21185F820089C99F /* Sources */ = {
			isa = PBXSourcesBuildPhase;
			buildActionMask = 2147483647;
			files = (
				CB922E0521185F820089C99F /* AppDelegate.swift in Sources */,
			);
			runOnlyForDeploymentPostprocessing = 0;
		};
/* End PBXSourcesBuildPhase section */

/* Begin PBXVariantGroup section */
		CB922E0821185F820089C99F /* Main.storyboard */ = {
			isa = PBXVariantGroup;
			children = (
				CB922E0921185F820089C99F /* Base */,
			);
			name = Main.storyboard;
			sourceTree = "<group>";
		};
		CB922E0D21185F830089C99F /* LaunchScreen.storyboard */ = {
			isa = PBXVariantGroup;
			children = (
				CB922E0E21185F830089C99F /* Base */,
			);
			name = LaunchScreen.storyboard;
			sourceTree = "<group>";
		};
/* End PBXVariantGroup section */

/* Begin XCBuildConfiguration section */
		CB922E1121185F830089C99F /* Debug */ = {
			isa = XCBuildConfiguration;
			buildSettings = {
				ALWAYS_SEARCH_USER_PATHS = NO;
				CLANG_ANALYZER_NONNULL = YES;
				CLANG_ANALYZER_NUMBER_OBJECT_CONVERSION = YES_AGGRESSIVE;
				CLANG_CXX_LANGUAGE_STANDARD = "gnu++14";
				CLANG_CXX_LIBRARY = "libc++";
				CLANG_ENABLE_MODULES = YES;
				CLANG_ENABLE_OBJC_ARC = YES;
				CLANG_ENABLE_OBJC_WEAK = YES;
				CLANG_WARN_BLOCK_CAPTURE_AUTORELEASING = YES;
				CLANG_WARN_BOOL_CONVERSION = YES;
				CLANG_WARN_COMMA = YES;
				CLANG_WARN_CONSTANT_CONVERSION = YES;
				CLANG_WARN_DEPRECATED_OBJC_IMPLEMENTATIONS = YES;
				CLANG_WARN_DIRECT_OBJC_ISA_USAGE = YES_ERROR;
				CLANG_WARN_DOCUMENTATION_COMMENTS = YES;
				CLANG_WARN_EMPTY_BODY = YES;
				CLANG_WARN_ENUM_CONVERSION = YES;
				CLANG_WARN_INFINITE_RECURSION = YES;
				CLANG_WARN_INT_CONVERSION = YES;
				CLANG_WARN_NON_LITERAL_NULL_CONVERSION = YES;
				CLANG_WARN_OBJC_IMPLICIT_RETAIN_SELF = YES;
				CLANG_WARN_OBJC_LITERAL_CONVERSION = YES;
				CLANG_WARN_OBJC_ROOT_CLASS = YES_ERROR;
				CLANG_WARN_RANGE_LOOP_ANALYSIS = YES;
				CLANG_WARN_STRICT_PROTOTYPES = YES;
				CLANG_WARN_SUSPICIOUS_MOVE = YES;
				CLANG_WARN_UNGUARDED_AVAILABILITY = YES_AGGRESSIVE;
				CLANG_WARN_UNREACHABLE_CODE = YES;
				CLANG_WARN__DUPLICATE_METHOD_MATCH = YES;
				CODE_SIGN_IDENTITY = "iPhone Developer";
				COPY_PHASE_STRIP = NO;
				DEBUG_INFORMATION_FORMAT = dwarf;
				ENABLE_STRICT_OBJC_MSGSEND = YES;
				ENABLE_TESTABILITY = YES;
				GCC_C_LANGUAGE_STANDARD = gnu11;
				GCC_DYNAMIC_NO_PIC = NO;
				GCC_NO_COMMON_BLOCKS = YES;
				GCC_OPTIMIZATION_LEVEL = 0;
				GCC_PREPROCESSOR_DEFINITIONS = (
					"DEBUG=1",
					"$(inherited)",
				);
				GCC_WARN_64_TO_32_BIT_CONVERSION = YES;
				GCC_WARN_ABOUT_RETURN_TYPE = YES_ERROR;
				GCC_WARN_UNDECLARED_SELECTOR = YES;
				GCC_WARN_UNINITIALIZED_AUTOS = YES_AGGRESSIVE;
				GCC_WARN_UNUSED_FUNCTION = YES;
				GCC_WARN_UNUSED_VARIABLE = YES;
				IPHONEOS_DEPLOYMENT_TARGET = 11.3;
				MTL_ENABLE_DEBUG_INFO = YES;
				ONLY_ACTIVE_ARCH = YES;
				SDKROOT = iphoneos;
				SWIFT_ACTIVE_COMPILATION_CONDITIONS = DEBUG;
				SWIFT_OPTIMIZATION_LEVEL = "-Onone";
			};
			name = Debug;
		};
		CB922E1221185F830089C99F /* Release */ = {
			isa = XCBuildConfiguration;
			buildSettings = {
				ALWAYS_SEARCH_USER_PATHS = NO;
				CLANG_ANALYZER_NONNULL = YES;
				CLANG_ANALYZER_NUMBER_OBJECT_CONVERSION = YES_AGGRESSIVE;
				CLANG_CXX_LANGUAGE_STANDARD = "gnu++14";
				CLANG_CXX_LIBRARY = "libc++";
				CLANG_ENABLE_MODULES = YES;
				CLANG_ENABLE_OBJC_ARC = YES;
				CLANG_ENABLE_OBJC_WEAK = YES;
				CLANG_WARN_BLOCK_CAPTURE_AUTORELEASING = YES;
				CLANG_WARN_BOOL_CONVERSION = YES;
				CLANG_WARN_COMMA = YES;
				CLANG_WARN_CONSTANT_CONVERSION = YES;
				CLANG_WARN_DEPRECATED_OBJC_IMPLEMENTATIONS = YES;
				CLANG_WARN_DIRECT_OBJC_ISA_USAGE = YES_ERROR;
				CLANG_WARN_DOCUMENTATION_COMMENTS = YES;
				CLANG_WARN_EMPTY_BODY = YES;
				CLANG_WARN_ENUM_CONVERSION = YES;
				CLANG_WARN_INFINITE_RECURSION = YES;
				CLANG_WARN_INT_CONVERSION = YES;
				CLANG_WARN_NON_LITERAL_NULL_CONVERSION = YES;
				CLANG_WARN_OBJC_IMPLICIT_RETAIN_SELF = YES;
				CLANG_WARN_OBJC_LITERAL_CONVERSION = YES;
				CLANG_WARN_OBJC_ROOT_CLASS = YES_ERROR;
				CLANG_WARN_RANGE_LOOP_ANALYSIS = YES;
				CLANG_WARN_STRICT_PROTOTYPES = YES;
				CLANG_WARN_SUSPICIOUS_MOVE = YES;
				CLANG_WARN_UNGUARDED_AVAILABILITY = YES_AGGRESSIVE;
				CLANG_WARN_UNREACHABLE_CODE = YES;
				CLANG_WARN__DUPLICATE_METHOD_MATCH = YES;
				CODE_SIGN_IDENTITY = "iPhone Developer";
				COPY_PHASE_STRIP = NO;
				DEBUG_INFORMATION_FORMAT = "dwarf-with-dsym";
				ENABLE_NS_ASSERTIONS = NO;
				ENABLE_STRICT_OBJC_MSGSEND = YES;
				GCC_C_LANGUAGE_STANDARD = gnu11;
				GCC_NO_COMMON_BLOCKS = YES;
				GCC_WARN_64_TO_32_BIT_CONVERSION = YES;
				GCC_WARN_ABOUT_RETURN_TYPE = YES_ERROR;
				GCC_WARN_UNDECLARED_SELECTOR = YES;
				GCC_WARN_UNINITIALIZED_AUTOS = YES_AGGRESSIVE;
				GCC_WARN_UNUSED_FUNCTION = YES;
				GCC_WARN_UNUSED_VARIABLE = YES;
				IPHONEOS_DEPLOYMENT_TARGET = 11.3;
				MTL_ENABLE_DEBUG_INFO = NO;
				SDKROOT = iphoneos;
				SWIFT_COMPILATION_MODE = wholemodule;
				SWIFT_OPTIMIZATION_LEVEL = "-O";
				VALIDATE_PRODUCT = YES;
			};
			name = Release;
		};
		CB922E1421185F830089C99F /* Debug */ = {
			isa = XCBuildConfiguration;
			buildSettings = {
				ASSETCATALOG_COMPILER_APPICON_NAME = AppIcon;
				ASSETCATALOG_COMPILER_LAUNCHIMAGE_NAME = LaunchImage;
				CODE_SIGN_STYLE = Automatic;
				DEVELOPMENT_TEAM = 37H7L8QBA7;
				INFOPLIST_FILE = douyuzhibo/Info.plist;
				IPHONEOS_DEPLOYMENT_TARGET = 9.0;
				LD_RUNPATH_SEARCH_PATHS = (
					"$(inherited)",
					"@executable_path/Frameworks",
				);
				PRODUCT_BUNDLE_IDENTIFIER = zhou.douyuzhibo;
				PRODUCT_NAME = "$(TARGET_NAME)";
				SWIFT_VERSION = 4.0;
				TARGETED_DEVICE_FAMILY = 1;
			};
			name = Debug;
		};
		CB922E1521185F830089C99F /* Release */ = {
			isa = XCBuildConfiguration;
			buildSettings = {
				ASSETCATALOG_COMPILER_APPICON_NAME = AppIcon;
				ASSETCATALOG_COMPILER_LAUNCHIMAGE_NAME = LaunchImage;
				CODE_SIGN_STYLE = Automatic;
				DEVELOPMENT_TEAM = 37H7L8QBA7;
				INFOPLIST_FILE = douyuzhibo/Info.plist;
				IPHONEOS_DEPLOYMENT_TARGET = 9.0;
				LD_RUNPATH_SEARCH_PATHS = (
					"$(inherited)",
					"@executable_path/Frameworks",
				);
				PRODUCT_BUNDLE_IDENTIFIER = zhou.douyuzhibo;
				PRODUCT_NAME = "$(TARGET_NAME)";
				SWIFT_VERSION = 4.0;
				TARGETED_DEVICE_FAMILY = 1;
			};
			name = Release;
		};
/* End XCBuildConfiguration section */

/* Begin XCConfigurationList section */
		CB922DFC21185F820089C99F /* Build configuration list for PBXProject "douyuzhibo" */ = {
			isa = XCConfigurationList;
			buildConfigurations = (
				CB922E1121185F830089C99F /* Debug */,
				CB922E1221185F830089C99F /* Release */,
			);
			defaultConfigurationIsVisible = 0;
			defaultConfigurationName = Release;
		};
		CB922E1321185F830089C99F /* Build configuration list for PBXNativeTarget "douyuzhibo" */ = {
			isa = XCConfigurationList;
			buildConfigurations = (
				CB922E1421185F830089C99F /* Debug */,
				CB922E1521185F830089C99F /* Release */,
			);
			defaultConfigurationIsVisible = 0;
			defaultConfigurationName = Release;
		};
/* End XCConfigurationList section */
	};
	rootObject = CB922DF921185F820089C99F /* Project object */;
}
